
Microsoft Visual Studio Solution File, Format Version 12.00
# Visual Studio Version 17
VisualStudioVersion = 17.3.32825.248
MinimumVisualStudioVersion = 10.0.40219.1
Project("{FAE04EC0-301F-11D3-BF4B-00C04F79EFBC}") = "ConsoleApp1", "ConsoleApp1\ConsoleApp1.csproj", "{41435E62-D88F-49F8-84B5-A83309D4A633}"
EndProject
Project("{FAE04EC0-301F-11D3-BF4B-00C04F79EFBC}") = "ConsoleApp2", "ConsoleApp2\ConsoleApp2.csproj", "{483A3F82-DA30-44A7-9CF8-BB220199D51F}"
EndProject
Project("{FAE04EC0-301F-11D3-BF4B-00C04F79EFBC}") = "ConsoleApp3", "ConsoleApp3\ConsoleApp3.csproj", "{830DE565-3386-496E-BC5C-783D800AE685}"
EndProject
Project("{FAE04EC0-301F-11D3-BF4B-00C04F79EFBC}") = "ConsoleApp4", "ConsoleApp4\ConsoleApp4.csproj", "{4F480BF1-8AB2-4137-9746-870CCFF07EDC}"
EndProject
Global
	GlobalSection(SolutionConfigurationPlatforms) = preSolution
		Debug|Any CPU = Debug|Any CPU
		Release|Any CPU = Release|Any CPU
	EndGlobalSection
	GlobalSection(ProjectConfigurationPlatforms) = postSolution
		{41435E62-D88F-49F8-84B5-A83309D4A633}.Debug|Any CPU.ActiveCfg = Debug|Any CPU
		{41435E62-D88F-49F8-84B5-A83309D4A633}.Debug|Any CPU.Build.0 = Debug|Any CPU
		{41435E62-D88F-49F8-84B5-A83309D4A633}.Release|Any CPU.ActiveCfg = Release|Any CPU
		{41435E62-D88F-49F8-84B5-A83309D4A633}.Release|Any CPU.Build.0 = Release|Any CPU
		{483A3F82-DA30-44A7-9CF8-BB220199D51F}.Debug|Any CPU.ActiveCfg = Debug|Any CPU
		{483A3F82-DA30-44A7-9CF8-BB220199D51F}.Debug|Any CPU.Build.0 = Debug|Any CPU
		{483A3F82-DA30-44A7-9CF8-BB220199D51F}.Release|Any CPU.ActiveCfg = Release|Any CPU
		{483A3F82-DA30-44A7-9CF8-BB220199D51F}.Release|Any CPU.Build.0 = Release|Any CPU
		{830DE565-3386-496E-BC5C-783D800AE685}.Debug|Any CPU.ActiveCfg = Debug|Any CPU
		{830DE565-3386-496E-BC5C-783D800AE685}.Debug|Any CPU.Build.0 = Debug|Any CPU
		{830DE565-3386-496E-BC5C-783D800AE685}.Release|Any CPU.ActiveCfg = Release|Any CPU
		{830DE565-3386-496E-BC5C-783D800AE685}.Release|Any CPU.Build.0 = Release|Any CPU
		{4F480BF1-8AB2-4137-9746-870CCFF07EDC}.Debug|Any CPU.ActiveCfg = Debug|Any CPU
		{4F480BF1-8AB2-4137-9746-870CCFF07EDC}.Debug|Any CPU.Build.0 = Debug|Any CPU
		{4F480BF1-8AB2-4137-9746-870CCFF07EDC}.Release|Any CPU.ActiveCfg = Release|Any CPU
		{4F480BF1-8AB2-4137-9746-870CCFF07EDC}.Release|Any CPU.Build.0 = Release|Any CPU
	EndGlobalSection
	GlobalSection(SolutionProperties) = preSolution
		HideSolutionNode = FALSE
	EndGlobalSection
	GlobalSection(ExtensibilityGlobals) = postSolution
		SolutionGuid = {BF351190-689A-4D78-BB34-0A6DFBD1AFE5}
	EndGlobalSection
EndGlobal
